
Microsoft Visual Studio Solution File, Format Version 12.00
# Visual Studio Version 17
VisualStudioVersion = 17.7.34202.233
MinimumVisualStudioVersion = 10.0.40219.1
Project("{FAE04EC0-301F-11D3-BF4B-00C04F79EFBC}") = "TextFilterApp", "TextFilterApp\TextFilterApp.csproj", "{21240619-FCAE-4653-9501-B43AC1F63B59}"
EndProject
Project("{FAE04EC0-301F-11D3-BF4B-00C04F79EFBC}") = "TextFilterApp.Application", "TextFilterApp.Application\TextFilterApp.Application.csproj", "{F02DD47A-12FF-4934-9339-E0304D3E11F0}"
EndProject
Project("{FAE04EC0-301F-11D3-BF4B-00C04F79EFBC}") = "TextFilterApp.Tests", "TextFilterApp.Tests\TextFilterApp.Tests.csproj", "{CFABF3A2-DEAB-4FFB-A860-DD42795AB34D}"
EndProject
Global
	GlobalSection(SolutionConfigurationPlatforms) = preSolution
		Debug|Any CPU = Debug|Any CPU
		Release|Any CPU = Release|Any CPU
	EndGlobalSection
	GlobalSection(ProjectConfigurationPlatforms) = postSolution
		{21240619-FCAE-4653-9501-B43AC1F63B59}.Debug|Any CPU.ActiveCfg = Debug|Any CPU
		{21240619-FCAE-4653-9501-B43AC1F63B59}.Debug|Any CPU.Build.0 = Debug|Any CPU
		{21240619-FCAE-4653-9501-B43AC1F63B59}.Release|Any CPU.ActiveCfg = Release|Any CPU
		{21240619-FCAE-4653-9501-B43AC1F63B59}.Release|Any CPU.Build.0 = Release|Any CPU
		{F02DD47A-12FF-4934-9339-E0304D3E11F0}.Debug|Any CPU.ActiveCfg = Debug|Any CPU
		{F02DD47A-12FF-4934-9339-E0304D3E11F0}.Debug|Any CPU.Build.0 = Debug|Any CPU
		{F02DD47A-12FF-4934-9339-E0304D3E11F0}.Release|Any CPU.ActiveCfg = Release|Any CPU
		{F02DD47A-12FF-4934-9339-E0304D3E11F0}.Release|Any CPU.Build.0 = Release|Any CPU
		{CFABF3A2-DEAB-4FFB-A860-DD42795AB34D}.Debug|Any CPU.ActiveCfg = Debug|Any CPU
		{CFABF3A2-DEAB-4FFB-A860-DD42795AB34D}.Debug|Any CPU.Build.0 = Debug|Any CPU
		{CFABF3A2-DEAB-4FFB-A860-DD42795AB34D}.Release|Any CPU.ActiveCfg = Release|Any CPU
		{CFABF3A2-DEAB-4FFB-A860-DD42795AB34D}.Release|Any CPU.Build.0 = Release|Any CPU
	EndGlobalSection
	GlobalSection(SolutionProperties) = preSolution
		HideSolutionNode = FALSE
	EndGlobalSection
	GlobalSection(ExtensibilityGlobals) = postSolution
		SolutionGuid = {ED58EB10-1956-4DEF-8ADB-5A4B544B98F3}
	EndGlobalSection
EndGlobal
